
Microsoft Visual Studio Solution File, Format Version 12.00
# Visual Studio Version 16
VisualStudioVersion = 16.0.30711.63
MinimumVisualStudioVersion = 10.0.40219.1
Project("{FAE04EC0-301F-11D3-BF4B-00C04F79EFBC}") = "SOLID_OOD", "SOLID_OOD\SOLID_OOD.csproj", "{F1AA6711-7F57-4DCE-A5B7-C696A141A8DE}"
EndProject
Global
	GlobalSection(SolutionConfigurationPlatforms) = preSolution
		Debug|Any CPU = Debug|Any CPU
		Release|Any CPU = Release|Any CPU
	EndGlobalSection
	GlobalSection(ProjectConfigurationPlatforms) = postSolution
		{F1AA6711-7F57-4DCE-A5B7-C696A141A8DE}.Debug|Any CPU.ActiveCfg = Debug|Any CPU
		{F1AA6711-7F57-4DCE-A5B7-C696A141A8DE}.Debug|Any CPU.Build.0 = Debug|Any CPU
		{F1AA6711-7F57-4DCE-A5B7-C696A141A8DE}.Release|Any CPU.ActiveCfg = Release|Any CPU
		{F1AA6711-7F57-4DCE-A5B7-C696A141A8DE}.Release|Any CPU.Build.0 = Release|Any CPU
	EndGlobalSection
	GlobalSection(SolutionProperties) = preSolution
		HideSolutionNode = FALSE
	EndGlobalSection
	GlobalSection(ExtensibilityGlobals) = postSolution
		SolutionGuid = {DB096193-9D59-4616-ACCD-7669F655DECD}
	EndGlobalSection
EndGlobal
